{
  "version": 4,
  "terraform_version": "1.3.7",
  "serial": 1,
  "lineage": "5ba71f9a-5ff1-1ff0-7ed1-9ba64c5b5115",
  "outputs": {},
  "resources": [
    {
      "mode": "managed",
      "type": "aws_vpc",
      "name": "example",
      "provider": "provider[\"registry.terraform.io/hashicorp/aws\"]",
      "instances": [
        {
          "schema_version": 1,
          "attributes": {
            "arn": "arn:aws:ec2:us-east-1:439415002856:vpc/vpc-030a2ece2d3dc4955",
            "assign_generated_ipv6_cidr_block": false,
            "cidr_block": "10.0.0.0/16",
            "default_network_acl_id": "acl-0cf6186eda3342d2c",
            "default_route_table_id": "rtb-0ea9178d5dffc6eed",
            "default_security_group_id": "sg-0eb80bdf2022e217a",
            "dhcp_options_id": "dopt-0f3e3c6a678956257",
            "enable_classiclink": false,
            "enable_classiclink_dns_support": false,
            "enable_dns_hostnames": false,
            "enable_dns_support": true,
            "enable_network_address_usage_metrics": false,
            "id": "vpc-030a2ece2d3dc4955",
            "instance_tenancy": "default",
            "ipv4_ipam_pool_id": null,
            "ipv4_netmask_length": null,
            "ipv6_association_id": "",
            "ipv6_cidr_block": "",
            "ipv6_cidr_block_network_border_group": "",
            "ipv6_ipam_pool_id": "",
            "ipv6_netmask_length": 0,
            "main_route_table_id": "rtb-0ea9178d5dffc6eed",
            "owner_id": "439415002856",
            "tags": {
              "Name": "VPCwithTerraform"
            },
            "tags_all": {
              "Name": "VPCwithTerraform"
            }
          },
          "sensitive_attributes": [],
          "private": "eyJzY2hlbWFfdmVyc2lvbiI6IjEifQ=="
        }
      ]
    }
  ],
  "check_results": null
}
